
Microsoft Visual Studio Solution File, Format Version 12.00
# Visual Studio Version 16
VisualStudioVersion = 16.0.29728.190
MinimumVisualStudioVersion = 10.0.40219.1
Project("{FAE04EC0-301F-11D3-BF4B-00C04F79EFBC}") = "QualityMeasurement", "QualityMeasurement.csproj", "{EBE98195-F9D4-405E-A140-60E23806BAC8}"
EndProject
Project("{FAE04EC0-301F-11D3-BF4B-00C04F79EFBC}") = "NUnit-QualityMeasurement", "..\NUnit-QualityMeasurement\NUnit-QualityMeasurement.csproj", "{002D85A3-E5F8-4886-83B3-49C14B7BEC46}"
EndProject
Global
	GlobalSection(SolutionConfigurationPlatforms) = preSolution
		Debug|Any CPU = Debug|Any CPU
		Release|Any CPU = Release|Any CPU
	EndGlobalSection
	GlobalSection(ProjectConfigurationPlatforms) = postSolution
		{EBE98195-F9D4-405E-A140-60E23806BAC8}.Debug|Any CPU.ActiveCfg = Debug|Any CPU
		{EBE98195-F9D4-405E-A140-60E23806BAC8}.Debug|Any CPU.Build.0 = Debug|Any CPU
		{EBE98195-F9D4-405E-A140-60E23806BAC8}.Release|Any CPU.ActiveCfg = Release|Any CPU
		{EBE98195-F9D4-405E-A140-60E23806BAC8}.Release|Any CPU.Build.0 = Release|Any CPU
		{002D85A3-E5F8-4886-83B3-49C14B7BEC46}.Debug|Any CPU.ActiveCfg = Debug|Any CPU
		{002D85A3-E5F8-4886-83B3-49C14B7BEC46}.Debug|Any CPU.Build.0 = Debug|Any CPU
		{002D85A3-E5F8-4886-83B3-49C14B7BEC46}.Release|Any CPU.ActiveCfg = Release|Any CPU
		{002D85A3-E5F8-4886-83B3-49C14B7BEC46}.Release|Any CPU.Build.0 = Release|Any CPU
	EndGlobalSection
	GlobalSection(SolutionProperties) = preSolution
		HideSolutionNode = FALSE
	EndGlobalSection
	GlobalSection(ExtensibilityGlobals) = postSolution
		SolutionGuid = {0BF8A24B-0155-4CFD-A968-9C97923C122F}
	EndGlobalSection
EndGlobal
